<?xml version="1.0" encoding="utf-8"?>
<Project ToolsVersion="4.0" xmlns="http://schemas.microsoft.com/developer/msbuild/2003">
  <ItemGroup>
    <Filter Include="Source Files">
      <UniqueIdentifier>{4FC737F1-C7A5-4376-A066-2A32D752A2FF}</UniqueIdentifier>
      <Extensions>cpp;c;cc;cxx;def;odl;idl;hpj;bat;asm;asmx</Extensions>
    </Filter>
    <Filter Include="Header Files">
      <UniqueIdentifier>{93995380-89BD-4b04-88EB-625FBE52EBFB}</UniqueIdentifier>
      <Extensions>h;hh;hpp;hxx;hm;inl;inc;xsd</Extensions>
    </Filter>
    <Filter Include="Resource Files">
      <UniqueIdentifier>{67DA6AB6-F800-4c08-8B7A-83BB121AAD01}</UniqueIdentifier>
      <Extensions>rc;ico;cur;bmp;dlg;rc2;rct;bin;rgs;gif;jpg;jpeg;jpe;resx;tiff;tif;png;wav;mfcribbon-ms</Extensions>
    </Filter>
  </ItemGroup>
  <ItemGroup>
    <Text Include="ReadMe.txt" />
  </ItemGroup>
  <ItemGroup>
    <ClInclude Include="FaceRecognitionMFC.h">
      <Filter>Header Files</Filter>
    </ClInclude>
    <ClInclude Include="FaceRecognitionMFCDlg.h">
      <Filter>Header Files</Filter>
    </ClInclude>
    <ClInclude Include="stdafx.h">
      <Filter>Header Files</Filter>
    </ClInclude>
    <ClInclude Include="targetver.h">
      <Filter>Header Files</Filter>
    </ClInclude>
    <ClInclude Include="Resource.h">
      <Filter>Header Files</Filter>
    </ClInclude>
    <ClInclude Include="common_ie.hpp">
      <Filter>Header Files</Filter>
    </ClInclude>
    <ClInclude Include="face_detection.h">
      <Filter>Header Files</Filter>
    </ClInclude>
    <ClInclude Include="face_recognition.h">
      <Filter>Header Files</Filter>
    </ClInclude>
    <ClInclude Include="LogInDlg.h">
      <Filter>Header Files</Filter>
    </ClInclude>
    <ClInclude Include="HTTPRequest.hpp">
      <Filter>Header Files</Filter>
    </ClInclude>
    <ClInclude Include="CameraURLSetting.h">
      <Filter>Header Files</Filter>
    </ClInclude>
    <ClInclude Include="json.hpp">
      <Filter>Header Files</Filter>
    </ClInclude>
    <ClInclude Include="RegisterPerson.h">
      <Filter>Header Files</Filter>
    </ClInclude>
    <ClInclude Include="SettingDlg.h">
      <Filter>Header Files</Filter>
    </ClInclude>
  </ItemGroup>
  <ItemGroup>
    <ClCompile Include="FaceRecognitionMFC.cpp">
      <Filter>Source Files</Filter>
    </ClCompile>
    <ClCompile Include="FaceRecognitionMFCDlg.cpp">
      <Filter>Source Files</Filter>
    </ClCompile>
    <ClCompile Include="stdafx.cpp">
      <Filter>Source Files</Filter>
    </ClCompile>
    <ClCompile Include="face_detection.cpp">
      <Filter>Source Files</Filter>
    </ClCompile>
    <ClCompile Include="face_recognition.cpp">
      <Filter>Source Files</Filter>
    </ClCompile>
    <ClCompile Include="LogInDlg.cpp">
      <Filter>Source Files</Filter>
    </ClCompile>
    <ClCompile Include="CameraURLSetting.cpp">
      <Filter>Source Files</Filter>
    </ClCompile>
    <ClCompile Include="RegisterPerson.cpp">
      <Filter>Source Files</Filter>
    </ClCompile>
    <ClCompile Include="SettingDlg.cpp">
      <Filter>Source Files</Filter>
    </ClCompile>
  </ItemGroup>
  <ItemGroup>
    <ResourceCompile Include="FaceRecognitionMFC.rc">
      <Filter>Resource Files</Filter>
    </ResourceCompile>
  </ItemGroup>
  <ItemGroup>
    <None Include="res\FaceRecognitionMFC.rc2">
      <Filter>Resource Files</Filter>
    </None>
  </ItemGroup>
  <ItemGroup>
    <Image Include="res\FaceRecognitionMFC.ico">
      <Filter>Resource Files</Filter>
    </Image>
    <Image Include="res\pause.png">
      <Filter>Resource Files</Filter>
    </Image>
    <Image Include="res\play.png">
      <Filter>Resource Files</Filter>
    </Image>
    <Image Include="res\bitmap1.bmp">
      <Filter>Resource Files</Filter>
    </Image>
    <Image Include="res\bitmap2.bmp">
      <Filter>Resource Files</Filter>
    </Image>
    <Image Include="res\play.bmp">
      <Filter>Resource Files</Filter>
    </Image>
    <Image Include="res\login.jpg">
      <Filter>Resource Files</Filter>
    </Image>
    <Image Include="res\login.bmp">
      <Filter>Resource Files</Filter>
    </Image>
    <Image Include="res\pause.bmp">
      <Filter>Resource Files</Filter>
    </Image>
    <Image Include="res\logo.bmp">
      <Filter>Resource Files</Filter>
    </Image>
    <Image Include="res\close.bmp">
      <Filter>Resource Files</Filter>
    </Image>
    <Image Include="res\add.bmp">
      <Filter>Resource Files</Filter>
    </Image>
    <Image Include="res\setting.bmp">
      <Filter>Resource Files</Filter>
    </Image>
  </ItemGroup>
</Project>